<?xml version="1.0" encoding="utf-8"?>
<Project ToolsVersion="4.0" xmlns="http://schemas.microsoft.com/developer/msbuild/2003">
  <ItemGroup>
    <Filter Include="include">
      <UniqueIdentifier>{89AF369E-F58E-B539-FEA6-40106A051C9B}</UniqueIdentifier>
    </Filter>
    <Filter Include="shaders">
      <UniqueIdentifier>{0F45D591-7B24-542D-843C-DF03F09ABA8E}</UniqueIdentifier>
    </Filter>
    <Filter Include="src">
      <UniqueIdentifier>{2DAB880B-99B4-887C-2230-9F7C8E38947C}</UniqueIdentifier>
    </Filter>
  </ItemGroup>
  <ItemGroup>
    <ClInclude Include="include\Application.hpp">
      <Filter>include</Filter>
    </ClInclude>
    <ClInclude Include="include\Camera.hpp">
      <Filter>include</Filter>
    </ClInclude>
    <ClInclude Include="include\Engine.hpp">
      <Filter>include</Filter>
    </ClInclude>
    <ClInclude Include="include\Model.hpp">
      <Filter>include</Filter>
    </ClInclude>
    <ClInclude Include="include\Pch.hpp">
      <Filter>include</Filter>
    </ClInclude>
    <ClInclude Include="include\Types.hpp">
      <Filter>include</Filter>
    </ClInclude>
    <ClInclude Include="include\Utils.hpp">
      <Filter>include</Filter>
    </ClInclude>
  </ItemGroup>
  <ItemGroup>
    <ClCompile Include="src\Application.cpp">
      <Filter>src</Filter>
    </ClCompile>
    <ClCompile Include="src\Camera.cpp">
      <Filter>src</Filter>
    </ClCompile>
    <ClCompile Include="src\Engine.cpp">
      <Filter>src</Filter>
    </ClCompile>
    <ClCompile Include="src\Main.cpp">
      <Filter>src</Filter>
    </ClCompile>
    <ClCompile Include="src\Model.cpp">
      <Filter>src</Filter>
    </ClCompile>
    <ClCompile Include="src\Pch.cpp">
      <Filter>src</Filter>
    </ClCompile>
  </ItemGroup>
  <ItemGroup>
    <None Include="packages.config" />
    <None Include="shaders\TestShader.hlsl">
      <Filter>shaders</Filter>
    </None>
    <None Include="shaders\TriangleShader.hlsl">
      <Filter>shaders</Filter>
    </None>
  </ItemGroup>
</Project>